
Microsoft Visual Studio Solution File, Format Version 12.00
# Visual Studio Version 17
VisualStudioVersion = 17.13.35931.197 d17.13
MinimumVisualStudioVersion = 10.0.40219.1
Project("{FAE04EC0-301F-11D3-BF4B-00C04F79EFBC}") = "esercizio 2", "esercizio 2.csproj", "{C1759043-3C35-4EB7-B598-E26DAA1C2C79}"
EndProject
Global
	GlobalSection(SolutionConfigurationPlatforms) = preSolution
		Debug|Any CPU = Debug|Any CPU
		Release|Any CPU = Release|Any CPU
	EndGlobalSection
	GlobalSection(ProjectConfigurationPlatforms) = postSolution
		{C1759043-3C35-4EB7-B598-E26DAA1C2C79}.Debug|Any CPU.ActiveCfg = Debug|Any CPU
		{C1759043-3C35-4EB7-B598-E26DAA1C2C79}.Debug|Any CPU.Build.0 = Debug|Any CPU
		{C1759043-3C35-4EB7-B598-E26DAA1C2C79}.Release|Any CPU.ActiveCfg = Release|Any CPU
		{C1759043-3C35-4EB7-B598-E26DAA1C2C79}.Release|Any CPU.Build.0 = Release|Any CPU
	EndGlobalSection
	GlobalSection(SolutionProperties) = preSolution
		HideSolutionNode = FALSE
	EndGlobalSection
	GlobalSection(ExtensibilityGlobals) = postSolution
		SolutionGuid = {F329A31B-20F3-4976-B4F6-4E01132324C0}
	EndGlobalSection
EndGlobal
