
Microsoft Visual Studio Solution File, Format Version 12.00
# Visual Studio Version 17
VisualStudioVersion = 17.13.35931.197 d17.13
MinimumVisualStudioVersion = 10.0.40219.1
Project("{FAE04EC0-301F-11D3-BF4B-00C04F79EFBC}") = "esempio", "esempio.csproj", "{FC0FB900-EDCD-4C4F-BD2E-31D2BB997700}"
EndProject
Global
	GlobalSection(SolutionConfigurationPlatforms) = preSolution
		Debug|Any CPU = Debug|Any CPU
		Release|Any CPU = Release|Any CPU
	EndGlobalSection
	GlobalSection(ProjectConfigurationPlatforms) = postSolution
		{FC0FB900-EDCD-4C4F-BD2E-31D2BB997700}.Debug|Any CPU.ActiveCfg = Debug|Any CPU
		{FC0FB900-EDCD-4C4F-BD2E-31D2BB997700}.Debug|Any CPU.Build.0 = Debug|Any CPU
		{FC0FB900-EDCD-4C4F-BD2E-31D2BB997700}.Release|Any CPU.ActiveCfg = Release|Any CPU
		{FC0FB900-EDCD-4C4F-BD2E-31D2BB997700}.Release|Any CPU.Build.0 = Release|Any CPU
	EndGlobalSection
	GlobalSection(SolutionProperties) = preSolution
		HideSolutionNode = FALSE
	EndGlobalSection
	GlobalSection(ExtensibilityGlobals) = postSolution
		SolutionGuid = {C40A2F10-E267-4B00-9ED8-072CF71A5D62}
	EndGlobalSection
EndGlobal
